
Microsoft Visual Studio Solution File, Format Version 12.00
# Visual Studio Version 17
VisualStudioVersion = 17.0.31903.59
MinimumVisualStudioVersion = 10.0.40219.1
Project("{2150E333-8FDC-42A3-9474-1A3956D46DE8}") = "src", "src", "{827E0CD3-B72D-47B6-A68D-7590B98EB39B}"
EndProject
Project("{FAE04EC0-301F-11D3-BF4B-00C04F79EFBC}") = "Inmobiliaria.Domain", "src\Inmobiliaria.Domain\Inmobiliaria.Domain.csproj", "{7F1E6BBD-9A93-42E6-A076-4068C840674F}"
EndProject
Project("{FAE04EC0-301F-11D3-BF4B-00C04F79EFBC}") = "Inmobiliaria.Desktop", "src\Inmobiliaria.Desktop\Inmobiliaria.Desktop.csproj", "{895D5FDD-B2FA-41AE-A377-A179220F60CD}"
EndProject
Project("{2150E333-8FDC-42A3-9474-1A3956D46DE8}") = "tests", "tests", "{0AB3BF05-4346-4AA6-1389-037BE0695223}"
EndProject
Project("{FAE04EC0-301F-11D3-BF4B-00C04F79EFBC}") = "Inmobiliaria.Domain.Tests", "tests\Inmobiliaria.Domain.Tests\Inmobiliaria.Domain.Tests.csproj", "{3E156D41-2C70-4A37-9BEA-F19B6D223EFF}"
EndProject
Project("{FAE04EC0-301F-11D3-BF4B-00C04F79EFBC}") = "Inmobiliaria.Infrastructure", "src\Inmobiliaria.Infrastructure\Inmobiliaria.Infrastructure.csproj", "{EE462E6F-9C18-4237-A636-973E42C211D8}"
EndProject
Global
	GlobalSection(SolutionConfigurationPlatforms) = preSolution
		Debug|Any CPU = Debug|Any CPU
		Debug|x64 = Debug|x64
		Debug|x86 = Debug|x86
		Release|Any CPU = Release|Any CPU
		Release|x64 = Release|x64
		Release|x86 = Release|x86
	EndGlobalSection
	GlobalSection(ProjectConfigurationPlatforms) = postSolution
		{7F1E6BBD-9A93-42E6-A076-4068C840674F}.Debug|Any CPU.ActiveCfg = Debug|Any CPU
		{7F1E6BBD-9A93-42E6-A076-4068C840674F}.Debug|Any CPU.Build.0 = Debug|Any CPU
		{7F1E6BBD-9A93-42E6-A076-4068C840674F}.Debug|x64.ActiveCfg = Debug|Any CPU
		{7F1E6BBD-9A93-42E6-A076-4068C840674F}.Debug|x64.Build.0 = Debug|Any CPU
		{7F1E6BBD-9A93-42E6-A076-4068C840674F}.Debug|x86.ActiveCfg = Debug|Any CPU
		{7F1E6BBD-9A93-42E6-A076-4068C840674F}.Debug|x86.Build.0 = Debug|Any CPU
		{7F1E6BBD-9A93-42E6-A076-4068C840674F}.Release|Any CPU.ActiveCfg = Release|Any CPU
		{7F1E6BBD-9A93-42E6-A076-4068C840674F}.Release|Any CPU.Build.0 = Release|Any CPU
		{7F1E6BBD-9A93-42E6-A076-4068C840674F}.Release|x64.ActiveCfg = Release|Any CPU
		{7F1E6BBD-9A93-42E6-A076-4068C840674F}.Release|x64.Build.0 = Release|Any CPU
		{7F1E6BBD-9A93-42E6-A076-4068C840674F}.Release|x86.ActiveCfg = Release|Any CPU
		{7F1E6BBD-9A93-42E6-A076-4068C840674F}.Release|x86.Build.0 = Release|Any CPU
		{895D5FDD-B2FA-41AE-A377-A179220F60CD}.Debug|Any CPU.ActiveCfg = Debug|Any CPU
		{895D5FDD-B2FA-41AE-A377-A179220F60CD}.Debug|Any CPU.Build.0 = Debug|Any CPU
		{895D5FDD-B2FA-41AE-A377-A179220F60CD}.Debug|x64.ActiveCfg = Debug|Any CPU
		{895D5FDD-B2FA-41AE-A377-A179220F60CD}.Debug|x64.Build.0 = Debug|Any CPU
		{895D5FDD-B2FA-41AE-A377-A179220F60CD}.Debug|x86.ActiveCfg = Debug|Any CPU
		{895D5FDD-B2FA-41AE-A377-A179220F60CD}.Debug|x86.Build.0 = Debug|Any CPU
		{895D5FDD-B2FA-41AE-A377-A179220F60CD}.Release|Any CPU.ActiveCfg = Release|Any CPU
		{895D5FDD-B2FA-41AE-A377-A179220F60CD}.Release|Any CPU.Build.0 = Release|Any CPU
		{895D5FDD-B2FA-41AE-A377-A179220F60CD}.Release|x64.ActiveCfg = Release|Any CPU
		{895D5FDD-B2FA-41AE-A377-A179220F60CD}.Release|x64.Build.0 = Release|Any CPU
		{895D5FDD-B2FA-41AE-A377-A179220F60CD}.Release|x86.ActiveCfg = Release|Any CPU
		{895D5FDD-B2FA-41AE-A377-A179220F60CD}.Release|x86.Build.0 = Release|Any CPU
		{3E156D41-2C70-4A37-9BEA-F19B6D223EFF}.Debug|Any CPU.ActiveCfg = Debug|Any CPU
		{3E156D41-2C70-4A37-9BEA-F19B6D223EFF}.Debug|Any CPU.Build.0 = Debug|Any CPU
		{3E156D41-2C70-4A37-9BEA-F19B6D223EFF}.Debug|x64.ActiveCfg = Debug|Any CPU
		{3E156D41-2C70-4A37-9BEA-F19B6D223EFF}.Debug|x64.Build.0 = Debug|Any CPU
		{3E156D41-2C70-4A37-9BEA-F19B6D223EFF}.Debug|x86.ActiveCfg = Debug|Any CPU
		{3E156D41-2C70-4A37-9BEA-F19B6D223EFF}.Debug|x86.Build.0 = Debug|Any CPU
		{3E156D41-2C70-4A37-9BEA-F19B6D223EFF}.Release|Any CPU.ActiveCfg = Release|Any CPU
		{3E156D41-2C70-4A37-9BEA-F19B6D223EFF}.Release|Any CPU.Build.0 = Release|Any CPU
		{3E156D41-2C70-4A37-9BEA-F19B6D223EFF}.Release|x64.ActiveCfg = Release|Any CPU
		{3E156D41-2C70-4A37-9BEA-F19B6D223EFF}.Release|x64.Build.0 = Release|Any CPU
		{3E156D41-2C70-4A37-9BEA-F19B6D223EFF}.Release|x86.ActiveCfg = Release|Any CPU
		{3E156D41-2C70-4A37-9BEA-F19B6D223EFF}.Release|x86.Build.0 = Release|Any CPU
		{EE462E6F-9C18-4237-A636-973E42C211D8}.Debug|Any CPU.ActiveCfg = Debug|Any CPU
		{EE462E6F-9C18-4237-A636-973E42C211D8}.Debug|Any CPU.Build.0 = Debug|Any CPU
		{EE462E6F-9C18-4237-A636-973E42C211D8}.Debug|x64.ActiveCfg = Debug|Any CPU
		{EE462E6F-9C18-4237-A636-973E42C211D8}.Debug|x64.Build.0 = Debug|Any CPU
		{EE462E6F-9C18-4237-A636-973E42C211D8}.Debug|x86.ActiveCfg = Debug|Any CPU
		{EE462E6F-9C18-4237-A636-973E42C211D8}.Debug|x86.Build.0 = Debug|Any CPU
		{EE462E6F-9C18-4237-A636-973E42C211D8}.Release|Any CPU.ActiveCfg = Release|Any CPU
		{EE462E6F-9C18-4237-A636-973E42C211D8}.Release|Any CPU.Build.0 = Release|Any CPU
		{EE462E6F-9C18-4237-A636-973E42C211D8}.Release|x64.ActiveCfg = Release|Any CPU
		{EE462E6F-9C18-4237-A636-973E42C211D8}.Release|x64.Build.0 = Release|Any CPU
		{EE462E6F-9C18-4237-A636-973E42C211D8}.Release|x86.ActiveCfg = Release|Any CPU
		{EE462E6F-9C18-4237-A636-973E42C211D8}.Release|x86.Build.0 = Release|Any CPU
	EndGlobalSection
	GlobalSection(SolutionProperties) = preSolution
		HideSolutionNode = FALSE
	EndGlobalSection
	GlobalSection(NestedProjects) = preSolution
		{7F1E6BBD-9A93-42E6-A076-4068C840674F} = {827E0CD3-B72D-47B6-A68D-7590B98EB39B}
		{895D5FDD-B2FA-41AE-A377-A179220F60CD} = {827E0CD3-B72D-47B6-A68D-7590B98EB39B}
		{3E156D41-2C70-4A37-9BEA-F19B6D223EFF} = {0AB3BF05-4346-4AA6-1389-037BE0695223}
		{EE462E6F-9C18-4237-A636-973E42C211D8} = {827E0CD3-B72D-47B6-A68D-7590B98EB39B}
	EndGlobalSection
EndGlobal
